<?xml version="1.0" encoding="UTF-8"?>
<Scheme
   LastUpgradeVersion = "0900"
   version = "1.3">
   <BuildAction
      parallelizeBuildables = "YES"
      buildImplicitDependencies = "YES">
      <BuildActionEntries>
         <BuildActionEntry
            buildForTesting = "YES"
            buildForRunning = "YES"
            buildForProfiling = "NO"
            buildForArchiving = "NO"
            buildForAnalyzing = "NO">
            <BuildableReference
               BuildableIdentifier = "primary"
               BlueprintIdentifier = "40703EA51D94C37500F38FF0"
               BuildableName = "MetaWearIntegrationTests-iOS.xctest"
               BlueprintName = "MetaWearIntegrationTests-iOS"
               ReferencedContainer = "container:MetaWear.xcodeproj">
            </BuildableReference>
         </BuildActionEntry>
         <BuildActionEntry
            buildForTesting = "YES"
            buildForRunning = "YES"
            buildForProfiling = "NO"
            buildForArchiving = "NO"
            buildForAnalyzing = "NO">
            <BuildableReference
               BuildableIdentifier = "primary"
               BlueprintIdentifier = "40703E5A1D94C06800F38FF0"
               BuildableName = "MetaWearIntegrationTestHost-iOS.app"
               BlueprintName = "MetaWearIntegrationTestHost-iOS"
               ReferencedContainer = "container:MetaWear.xcodeproj">
            </BuildableReference>
         </BuildActionEntry>
      </BuildActionEntries>
   </BuildAction>
   <TestAction
      buildConfiguration = "Debug"
      selectedDebuggerIdentifier = "Xcode.DebuggerFoundation.Debugger.LLDB"
      selectedLauncherIdentifier = "Xcode.DebuggerFoundation.Launcher.LLDB"
      language = ""
      shouldUseLaunchSchemeArgsEnv = "NO">
      <Testables>
         <TestableReference
            skipped = "NO">
            <BuildableReference
               BuildableIdentifier = "primary"
               BlueprintIdentifier = "40703EA51D94C37500F38FF0"
               BuildableName = "MetaWearIntegrationTests-iOS.xctest"
               BlueprintName = "MetaWearIntegrationTests-iOS"
               ReferencedContainer = "container:MetaWear.xcodeproj">
            </BuildableReference>
            <SkippedTests>
               <Test
                  Identifier = "ANCSTests">
               </Test>
               <Test
                  Identifier = "AccelerometerTests">
               </Test>
               <Test
                  Identifier = "AutomaticTests/testDroppedReadsWhileStreaming">
               </Test>
               <Test
                  Identifier = "AutomaticTests/testGuestConnection">
               </Test>
               <Test
                  Identifier = "AutomaticTests/testLogSaturation">
               </Test>
               <Test
                  Identifier = "BMA255Tests">
               </Test>
               <Test
                  Identifier = "BMI160Tests">
               </Test>
               <Test
                  Identifier = "DFUTests">
               </Test>
               <Test
                  Identifier = "EnablingTests">
               </Test>
               <Test
                  Identifier = "MMA8452QTests">
               </Test>
               <Test
                  Identifier = "MagnetometerTests">
               </Test>
               <Test
                  Identifier = "MetaBootTest">
               </Test>
               <Test
                  Identifier = "MetaWearTest">
               </Test>
               <Test
                  Identifier = "SendBytesTest">
               </Test>
            </SkippedTests>
         </TestableReference>
      </Testables>
      <EnvironmentVariables>
         <EnvironmentVariable
            key = "METAWEAR_MODEL_UNDER_TEST"
            value = "MMR"
            isEnabled = "YES">
         </EnvironmentVariable>
         <EnvironmentVariable
            key = "BW_UUID"
            value = "7042FF0C-C6C2-09CB-78A9-577D752020F4"
            isEnabled = "YES">
         </EnvironmentVariable>
         <EnvironmentVariable
            key = "RG_UUID"
            value = "B80927D2-F8C3-4FA8-A643-AF444C136C12"
            isEnabled = "YES">
         </EnvironmentVariable>
         <EnvironmentVariable
            key = "MMC_UUID"
            value = "4E8F9BBF-9CA2-45BE-B7AF-85142229A4AA"
            isEnabled = "YES">
         </EnvironmentVariable>
         <EnvironmentVariable
            key = "MMR_UUID"
            value = "F03D1111-05BC-4C9F-8D2D-F9095FDDFEC9"
            isEnabled = "YES">
         </EnvironmentVariable>
         <EnvironmentVariable
            key = "RPRO_UUID"
            value = "6965BF19-EF68-4670-A13E-C17F4932E5D4"
            isEnabled = "YES">
         </EnvironmentVariable>
      </EnvironmentVariables>
      <AdditionalOptions>
      </AdditionalOptions>
   </TestAction>
   <LaunchAction
      buildConfiguration = "Debug"
      selectedDebuggerIdentifier = "Xcode.DebuggerFoundation.Debugger.LLDB"
      selectedLauncherIdentifier = "Xcode.DebuggerFoundation.Launcher.LLDB"
      language = ""
      launchStyle = "0"
      useCustomWorkingDirectory = "NO"
      ignoresPersistentStateOnLaunch = "NO"
      debugDocumentVersioning = "YES"
      debugServiceExtension = "internal"
      allowLocationSimulation = "YES">
      <MacroExpansion>
         <BuildableReference
            BuildableIdentifier = "primary"
            BlueprintIdentifier = "40703EA51D94C37500F38FF0"
            BuildableName = "MetaWearIntegrationTests-iOS.xctest"
            BlueprintName = "MetaWearIntegrationTests-iOS"
            ReferencedContainer = "container:MetaWear.xcodeproj">
         </BuildableReference>
      </MacroExpansion>
      <AdditionalOptions>
      </AdditionalOptions>
   </LaunchAction>
   <ProfileAction
      buildConfiguration = "Release"
      shouldUseLaunchSchemeArgsEnv = "YES"
      savedToolIdentifier = ""
      useCustomWorkingDirectory = "NO"
      debugDocumentVersioning = "YES">
   </ProfileAction>
   <AnalyzeAction
      buildConfiguration = "Debug">
   </AnalyzeAction>
   <ArchiveAction
      buildConfiguration = "Release"
      revealArchiveInOrganizer = "YES">
   </ArchiveAction>
</Scheme>
