PODS:
  - Bolts-Swift (1.5.0)
  - MBProgressHUD (1.2.0)
  - MetaWear/AsyncUtils (4.1.3):
    - MetaWear/Core
  - MetaWear/Core (4.1.3):
    - Bolts-Swift (~> 1)
  - MetaWear/UI (4.1.3):
    - MetaWear/AsyncUtils
    - MetaWear/Core

DEPENDENCIES:
  - MBProgressHUD
  - MetaWear/AsyncUtils (from `../`)
  - MetaWear/Core (from `../`)
  - MetaWear/UI (from `../`)

SPEC REPOS:
  trunk:
    - Bolts-Swift
    - MBProgressHUD

EXTERNAL SOURCES:
  MetaWear:
    :path: "../"

SPEC CHECKSUMS:
  Bolts-Swift: afbbaf8c8186e7f769be4afa656949c14087ba44
  MBProgressHUD: 3ee5efcc380f6a79a7cc9b363dd669c5e1ae7406
  MetaWear: 172042a920e6853083f1fd94fb4f509016188586

PODFILE CHECKSUM: 8a674cfa17f79f6337a3e125f6fe8f3db48fe842

COCOAPODS: 1.11.2
