PODS:
  - Bolts-Swift (1.5.0)
  - MBProgressHUD (1.2.0)
  - MetaWear/AsyncUtils (3.4.3):
    - MetaWear/Core
  - MetaWear/Core (3.4.3):
    - Bolts-Swift (~> 1)
  - MetaWear/UI (3.4.3):
    - MetaWear/AsyncUtils
    - MetaWear/Core

DEPENDENCIES:
  - MBProgressHUD
  - MetaWear/AsyncUtils (from `../`)
  - MetaWear/Core (from `../`)
  - MetaWear/UI (from `../`)

SPEC REPOS:
  trunk:
    - Bolts-Swift
    - MBProgressHUD

EXTERNAL SOURCES:
  MetaWear:
    :path: "../"

SPEC CHECKSUMS:
  Bolts-Swift: afbbaf8c8186e7f769be4afa656949c14087ba44
  MBProgressHUD: 3ee5efcc380f6a79a7cc9b363dd669c5e1ae7406
  MetaWear: dfdae0f084c45f7fd06c02e9e5541009ba8dd863

PODFILE CHECKSUM: d30d97d5dcee211c7dad6cd6aecaa18d5c5a49a6

COCOAPODS: 1.9.3
