PODS:
  - Bolts-Swift (1.5.0)
  - MBProgressHUD (1.1.0)
  - MetaWear/AsyncUtils (3.4.0):
    - MetaWear/Core
  - MetaWear/Core (3.4.0):
    - Bolts-Swift (~> 1)
  - MetaWear/UI (3.4.0):
    - MetaWear/AsyncUtils
    - MetaWear/Core

DEPENDENCIES:
  - MBProgressHUD
  - MetaWear/AsyncUtils (from `../`)
  - MetaWear/Core (from `../`)
  - MetaWear/UI (from `../`)

SPEC REPOS:
  https://github.com/cocoapods/specs.git:
    - Bolts-Swift
    - MBProgressHUD

EXTERNAL SOURCES:
  MetaWear:
    :path: "../"

SPEC CHECKSUMS:
  Bolts-Swift: afbbaf8c8186e7f769be4afa656949c14087ba44
  MBProgressHUD: e7baa36a220447d8aeb12769bf0585582f3866d9
  MetaWear: 2888f7131e4f85a48bbaa811ed9c5e68d045b39f

PODFILE CHECKSUM: d37f0b8ef0fb75f119fbabb2f98e3d364e5d47b2

COCOAPODS: 1.7.5
