PODS:
  - Bolts-Swift (1.5.0)
  - iOSDFULibrary (4.2.2):
    - Zip (~> 1.0)
  - MetaWear/AsyncUtils (3.4.0):
    - MetaWear/Core
  - MetaWear/Core (3.4.0):
    - Bolts-Swift (~> 1)
  - MetaWear/DFU (3.4.0):
    - iOSDFULibrary (= 4.2.2)
    - MetaWear/Core
  - MetaWear/Mocks (3.4.0):
    - MetaWear/Core
  - MetaWear/UI (3.4.0):
    - MetaWear/AsyncUtils
    - MetaWear/Core
  - Zip (1.1.0)

DEPENDENCIES:
  - MetaWear/AsyncUtils (from `../`)
  - MetaWear/DFU (from `../`)
  - MetaWear/Mocks (from `../`)
  - MetaWear/UI (from `../`)

SPEC REPOS:
  https://github.com/cocoapods/specs.git:
    - Bolts-Swift
    - iOSDFULibrary
    - Zip

EXTERNAL SOURCES:
  MetaWear:
    :path: "../"

SPEC CHECKSUMS:
  Bolts-Swift: afbbaf8c8186e7f769be4afa656949c14087ba44
  iOSDFULibrary: 65a30a36d33ef451ef2d6c2b6a002a26eed786af
  MetaWear: 31414f30c24ce00bbe9640c03d192705a9fcd16f
  Zip: 8877eede3dda76bcac281225c20e71c25270774c

PODFILE CHECKSUM: 7e054d1143c758be24b5cd3bab279b2bc2f3e19a

COCOAPODS: 1.7.5
