PODS:
  - Bolts/Tasks (1.9.0)
  - "FastCoding+tvOS (3.2.1)"
  - iOSDFULibrary (4.1.3):
    - Zip (~> 1.0)
  - MetaWearPrivate (2.10.0):
    - Bolts/Tasks (~> 1)
    - "FastCoding+tvOS (~> 3.2.1)"
  - Zip (1.1.0)

DEPENDENCIES:
  - iOSDFULibrary
  - MetaWearPrivate (from `../`)

SPEC REPOS:
  https://github.com/cocoapods/specs.git:
    - Bolts
    - "FastCoding+tvOS"
    - iOSDFULibrary
    - Zip

EXTERNAL SOURCES:
  MetaWearPrivate:
    :path: "../"

SPEC CHECKSUMS:
  Bolts: ac6567323eac61e203f6a9763667d0f711be34c8
  "FastCoding+tvOS": d314b6daa8389ec790ab362f973f53a5657292bd
  iOSDFULibrary: 921bc0e250ad204a68ffe0cc98a7cb6ac8b13b9f
  MetaWearPrivate: 3b40990d30a1bb5e8615d0bcbba86465ee74054e
  Zip: 8877eede3dda76bcac281225c20e71c25270774c

PODFILE CHECKSUM: 3f1860c05419ce0c9f1c5e51d97b5df098184716

COCOAPODS: 1.5.3
