PODS:
  - Bolts-Swift (1.5.0)
  - iOSDFULibrary (4.11.0):
    - ZIPFoundation (= 0.9.11)
  - MetaWear/AsyncUtils (4.0.2):
    - MetaWear/Core
  - MetaWear/Core (4.0.2):
    - Bolts-Swift (~> 1)
  - MetaWear/DFU (4.0.2):
    - iOSDFULibrary (= 4.11.0)
    - MetaWear/Core
  - MetaWear/Mocks (4.0.2):
    - MetaWear/Core
  - MetaWear/UI (4.0.2):
    - MetaWear/AsyncUtils
    - MetaWear/Core
  - ZIPFoundation (0.9.11)

DEPENDENCIES:
  - MetaWear/AsyncUtils (from `../`)
  - MetaWear/DFU (from `../`)
  - MetaWear/Mocks (from `../`)
  - MetaWear/UI (from `../`)

SPEC REPOS:
  trunk:
    - Bolts-Swift
    - iOSDFULibrary
    - ZIPFoundation

EXTERNAL SOURCES:
  MetaWear:
    :path: "../"

SPEC CHECKSUMS:
  Bolts-Swift: afbbaf8c8186e7f769be4afa656949c14087ba44
  iOSDFULibrary: ca2a4da1f1680fe4957b0a33ad605c9e10f7ae7c
  MetaWear: f3f04a5efa810a6a61862912b22958ae304dbd54
  ZIPFoundation: b1f0de4eed33e74a676f76e12559ab6b75990197

PODFILE CHECKSUM: 6d9441a1971d75fea48dd089467f2b90a99a8503

COCOAPODS: 1.10.1
