<?xml version="1.0" encoding="UTF-8"?>
<Scheme
   LastUpgradeVersion = "0800"
   version = "1.3">
   <BuildAction
      parallelizeBuildables = "YES"
      buildImplicitDependencies = "YES">
      <BuildActionEntries>
         <BuildActionEntry
            buildForTesting = "YES"
            buildForRunning = "NO"
            buildForProfiling = "NO"
            buildForArchiving = "NO"
            buildForAnalyzing = "NO">
            <BuildableReference
               BuildableIdentifier = "primary"
               BlueprintIdentifier = "40703EA51D94C37500F38FF0"
               BuildableName = "MetaWearIntegrationTests-iOS.xctest"
               BlueprintName = "MetaWearIntegrationTests-iOS"
               ReferencedContainer = "container:MetaWear.xcodeproj">
            </BuildableReference>
         </BuildActionEntry>
      </BuildActionEntries>
   </BuildAction>
   <TestAction
      buildConfiguration = "Debug"
      selectedDebuggerIdentifier = "Xcode.DebuggerFoundation.Debugger.LLDB"
      selectedLauncherIdentifier = "Xcode.DebuggerFoundation.Launcher.LLDB"
      shouldUseLaunchSchemeArgsEnv = "NO">
      <Testables>
         <TestableReference
            skipped = "NO">
            <BuildableReference
               BuildableIdentifier = "primary"
               BlueprintIdentifier = "40703EA51D94C37500F38FF0"
               BuildableName = "MetaWearIntegrationTests-iOS.xctest"
               BlueprintName = "MetaWearIntegrationTests-iOS"
               ReferencedContainer = "container:MetaWear.xcodeproj">
            </BuildableReference>
            <SkippedTests>
               <Test
                  Identifier = "ANCSTests">
               </Test>
               <Test
                  Identifier = "AccelerometerTests">
               </Test>
               <Test
                  Identifier = "BMA255Tests">
               </Test>
               <Test
                  Identifier = "BMI160Tests">
               </Test>
               <Test
                  Identifier = "DFUTests">
               </Test>
               <Test
                  Identifier = "EnablingTests">
               </Test>
               <Test
                  Identifier = "MMA8452QTests">
               </Test>
               <Test
                  Identifier = "MagnetometerTests">
               </Test>
               <Test
                  Identifier = "MetaBootTest">
               </Test>
               <Test
                  Identifier = "MetaWearTest">
               </Test>
               <Test
                  Identifier = "SendBytesTest">
               </Test>
            </SkippedTests>
         </TestableReference>
      </Testables>
      <EnvironmentVariables>
         <EnvironmentVariable
            key = "R_UUID"
            value = "FFFFFFFF-FFFF-FFFF-FFFF-FFFFFFFFFFFFF"
            isEnabled = "YES">
         </EnvironmentVariable>
         <EnvironmentVariable
            key = "RPRO_UUID"
            value = "FFFFFFFF-FFFF-FFFF-FFFF-FFFFFFFFFFFFF"
            isEnabled = "YES">
         </EnvironmentVariable>
      </EnvironmentVariables>
      <AdditionalOptions>
      </AdditionalOptions>
   </TestAction>
   <LaunchAction
      buildConfiguration = "Debug"
      selectedDebuggerIdentifier = "Xcode.DebuggerFoundation.Debugger.LLDB"
      selectedLauncherIdentifier = "Xcode.DebuggerFoundation.Launcher.LLDB"
      launchStyle = "0"
      useCustomWorkingDirectory = "NO"
      ignoresPersistentStateOnLaunch = "NO"
      debugDocumentVersioning = "YES"
      debugServiceExtension = "internal"
      allowLocationSimulation = "YES">
      <AdditionalOptions>
      </AdditionalOptions>
   </LaunchAction>
   <ProfileAction
      buildConfiguration = "Release"
      shouldUseLaunchSchemeArgsEnv = "YES"
      savedToolIdentifier = ""
      useCustomWorkingDirectory = "NO"
      debugDocumentVersioning = "YES">
   </ProfileAction>
   <AnalyzeAction
      buildConfiguration = "Debug">
   </AnalyzeAction>
   <ArchiveAction
      buildConfiguration = "Release"
      revealArchiveInOrganizer = "YES">
   </ArchiveAction>
</Scheme>
