<?xml version="1.0" encoding="UTF-8"?>
<Scheme
   LastUpgradeVersion = "0800"
   version = "1.3">
   <BuildAction
      parallelizeBuildables = "YES"
      buildImplicitDependencies = "YES">
      <BuildActionEntries>
         <BuildActionEntry
            buildForTesting = "YES"
            buildForRunning = "YES"
            buildForProfiling = "NO"
            buildForArchiving = "NO"
            buildForAnalyzing = "YES">
            <BuildableReference
               BuildableIdentifier = "primary"
               BlueprintIdentifier = "40703EA51D94C37500F38FF0"
               BuildableName = "MetaWearIntegrationTests-iOS.xctest"
               BlueprintName = "MetaWearIntegrationTests-iOS"
               ReferencedContainer = "container:MetaWear.xcodeproj">
            </BuildableReference>
         </BuildActionEntry>
         <BuildActionEntry
            buildForTesting = "YES"
            buildForRunning = "YES"
            buildForProfiling = "NO"
            buildForArchiving = "NO"
            buildForAnalyzing = "NO">
            <BuildableReference
               BuildableIdentifier = "primary"
               BlueprintIdentifier = "40703E5A1D94C06800F38FF0"
               BuildableName = "MetaWearIntegrationTestHost-iOS.app"
               BlueprintName = "MetaWearIntegrationTestHost-iOS"
               ReferencedContainer = "container:MetaWear.xcodeproj">
            </BuildableReference>
         </BuildActionEntry>
      </BuildActionEntries>
   </BuildAction>
   <TestAction
      buildConfiguration = "Debug"
      selectedDebuggerIdentifier = "Xcode.DebuggerFoundation.Debugger.LLDB"
      selectedLauncherIdentifier = "Xcode.DebuggerFoundation.Launcher.LLDB"
      shouldUseLaunchSchemeArgsEnv = "NO">
      <Testables>
         <TestableReference
            skipped = "NO">
            <BuildableReference
               BuildableIdentifier = "primary"
               BlueprintIdentifier = "40703EA51D94C37500F38FF0"
               BuildableName = "MetaWearIntegrationTests-iOS.xctest"
               BlueprintName = "MetaWearIntegrationTests-iOS"
               ReferencedContainer = "container:MetaWear.xcodeproj">
            </BuildableReference>
            <SkippedTests>
               <Test
                  Identifier = "ANCSTests">
               </Test>
               <Test
                  Identifier = "AccelerometerTests">
               </Test>
               <Test
                  Identifier = "AutomaticTests/testAccelerometerLogging">
               </Test>
               <Test
                  Identifier = "AutomaticTests/testAccelerometerRMSLogging">
               </Test>
               <Test
                  Identifier = "AutomaticTests/testAccelerometerStreamDisconnect">
               </Test>
               <Test
                  Identifier = "AutomaticTests/testAccelerometerUpdates">
               </Test>
               <Test
                  Identifier = "AutomaticTests/testAltitudePeriodicRead">
               </Test>
               <Test
                  Identifier = "AutomaticTests/testArchiveSpeed">
               </Test>
               <Test
                  Identifier = "AutomaticTests/testBMA255">
               </Test>
               <Test
                  Identifier = "AutomaticTests/testBigStream">
               </Test>
               <Test
                  Identifier = "AutomaticTests/testChangeOfEventAcrossThreshold">
               </Test>
               <Test
                  Identifier = "AutomaticTests/testChangeOfEventByDelta">
               </Test>
               <Test
                  Identifier = "AutomaticTests/testConditionalDataSwitch">
               </Test>
               <Test
                  Identifier = "AutomaticTests/testCounterOfEvents">
               </Test>
               <Test
                  Identifier = "AutomaticTests/testDisconnectedErrors">
               </Test>
               <Test
                  Identifier = "AutomaticTests/testDroppedReadsWhileStreaming">
               </Test>
               <Test
                  Identifier = "AutomaticTests/testFilterFromOffsetedEntry">
               </Test>
               <Test
                  Identifier = "AutomaticTests/testGpioReads">
               </Test>
               <Test
                  Identifier = "AutomaticTests/testGuestConnection">
               </Test>
               <Test
                  Identifier = "AutomaticTests/testHumidityPeriodicRead">
               </Test>
               <Test
                  Identifier = "AutomaticTests/testHumidityRead">
               </Test>
               <Test
                  Identifier = "AutomaticTests/testI2CMultipleReadWrite">
               </Test>
               <Test
                  Identifier = "AutomaticTests/testI2CPeriodicLog">
               </Test>
               <Test
                  Identifier = "AutomaticTests/testI2CPeriodicRead">
               </Test>
               <Test
                  Identifier = "AutomaticTests/testI2CPeriodicReadIntoFilter">
               </Test>
               <Test
                  Identifier = "AutomaticTests/testI2CReadWrite">
               </Test>
               <Test
                  Identifier = "AutomaticTests/testLogDontAckReadout">
               </Test>
               <Test
                  Identifier = "AutomaticTests/testLogDownloadAfterReconnect">
               </Test>
               <Test
                  Identifier = "AutomaticTests/testLogDownloadDisconnect">
               </Test>
               <Test
                  Identifier = "AutomaticTests/testLogDownloadReset">
               </Test>
               <Test
                  Identifier = "AutomaticTests/testLogDownloadWithoutStopping">
               </Test>
               <Test
                  Identifier = "AutomaticTests/testLogSaturation">
               </Test>
               <Test
                  Identifier = "AutomaticTests/testMagnetometerBMM150">
               </Test>
               <Test
                  Identifier = "AutomaticTests/testMultiConnect">
               </Test>
               <Test
                  Identifier = "AutomaticTests/testMultiLog">
               </Test>
               <Test
                  Identifier = "AutomaticTests/testMultiTimeoutConnect">
               </Test>
               <Test
                  Identifier = "AutomaticTests/testPackedAccelStream">
               </Test>
               <Test
                  Identifier = "AutomaticTests/testPackedGyroStream">
               </Test>
               <Test
                  Identifier = "AutomaticTests/testPeriodicLogDownloadAfterReset">
               </Test>
               <Test
                  Identifier = "AutomaticTests/testPhotometerPeriodicRead">
               </Test>
               <Test
                  Identifier = "AutomaticTests/testPhotometerRead">
               </Test>
               <Test
                  Identifier = "AutomaticTests/testPressurePeriodicRead">
               </Test>
               <Test
                  Identifier = "AutomaticTests/testProximity">
               </Test>
               <Test
                  Identifier = "AutomaticTests/testPulseDetectorOfEventWithThreshold">
               </Test>
               <Test
                  Identifier = "AutomaticTests/testSPIRead">
               </Test>
               <Test
                  Identifier = "AutomaticTests/testSwitchRead">
               </Test>
               <Test
                  Identifier = "AutomaticTests/testTemperatureRead">
               </Test>
               <Test
                  Identifier = "AutomaticTests/testTimer">
               </Test>
               <Test
                  Identifier = "BMA255Tests">
               </Test>
               <Test
                  Identifier = "BMI160Tests">
               </Test>
               <Test
                  Identifier = "DFUTests">
               </Test>
               <Test
                  Identifier = "EnablingTests">
               </Test>
               <Test
                  Identifier = "MMA8452QTests">
               </Test>
               <Test
                  Identifier = "MagnetometerTests">
               </Test>
               <Test
                  Identifier = "MetaBootTest">
               </Test>
               <Test
                  Identifier = "MetaWearTest">
               </Test>
               <Test
                  Identifier = "SendBytesTest">
               </Test>
            </SkippedTests>
         </TestableReference>
      </Testables>
      <EnvironmentVariables>
         <EnvironmentVariable
            key = "METAWEAR_MODEL_UNDER_TEST"
            value = "R"
            isEnabled = "YES">
         </EnvironmentVariable>
         <EnvironmentVariable
            key = "R_UUID"
            value = "A4D5A508-6CFC-D5D1-A1D4-3725632D3E70"
            isEnabled = "YES">
         </EnvironmentVariable>
      </EnvironmentVariables>
      <AdditionalOptions>
      </AdditionalOptions>
   </TestAction>
   <LaunchAction
      buildConfiguration = "Debug"
      selectedDebuggerIdentifier = "Xcode.DebuggerFoundation.Debugger.LLDB"
      selectedLauncherIdentifier = "Xcode.DebuggerFoundation.Launcher.LLDB"
      launchStyle = "0"
      useCustomWorkingDirectory = "NO"
      ignoresPersistentStateOnLaunch = "NO"
      debugDocumentVersioning = "YES"
      debugServiceExtension = "internal"
      allowLocationSimulation = "YES">
      <MacroExpansion>
         <BuildableReference
            BuildableIdentifier = "primary"
            BlueprintIdentifier = "40703EA51D94C37500F38FF0"
            BuildableName = "MetaWearIntegrationTests-iOS.xctest"
            BlueprintName = "MetaWearIntegrationTests-iOS"
            ReferencedContainer = "container:MetaWear.xcodeproj">
         </BuildableReference>
      </MacroExpansion>
      <AdditionalOptions>
      </AdditionalOptions>
   </LaunchAction>
   <ProfileAction
      buildConfiguration = "Release"
      shouldUseLaunchSchemeArgsEnv = "YES"
      savedToolIdentifier = ""
      useCustomWorkingDirectory = "NO"
      debugDocumentVersioning = "YES">
   </ProfileAction>
   <AnalyzeAction
      buildConfiguration = "Debug">
   </AnalyzeAction>
   <ArchiveAction
      buildConfiguration = "Release"
      revealArchiveInOrganizer = "YES">
   </ArchiveAction>
</Scheme>
